
Microsoft Visual Studio Solution File, Format Version 12.00
# Visual Studio Version 17
VisualStudioVersion = 17.1.32319.34
MinimumVisualStudioVersion = 10.0.40219.1
Project("{FAE04EC0-301F-11D3-BF4B-00C04F79EFBC}") = "FileName", "FileName\FileName.csproj", "{D703E56A-97CD-49CF-BB59-8C2C90EBCDDB}"
EndProject
Global
	GlobalSection(SolutionConfigurationPlatforms) = preSolution
		Debug|Any CPU = Debug|Any CPU
		Release|Any CPU = Release|Any CPU
	EndGlobalSection
	GlobalSection(ProjectConfigurationPlatforms) = postSolution
		{D703E56A-97CD-49CF-BB59-8C2C90EBCDDB}.Debug|Any CPU.ActiveCfg = Debug|Any CPU
		{D703E56A-97CD-49CF-BB59-8C2C90EBCDDB}.Debug|Any CPU.Build.0 = Debug|Any CPU
		{D703E56A-97CD-49CF-BB59-8C2C90EBCDDB}.Release|Any CPU.ActiveCfg = Release|Any CPU
		{D703E56A-97CD-49CF-BB59-8C2C90EBCDDB}.Release|Any CPU.Build.0 = Release|Any CPU
	EndGlobalSection
	GlobalSection(SolutionProperties) = preSolution
		HideSolutionNode = FALSE
	EndGlobalSection
	GlobalSection(ExtensibilityGlobals) = postSolution
		SolutionGuid = {A6D8732D-A005-491A-ADF3-A6929D255636}
	EndGlobalSection
EndGlobal
